
Microsoft Visual Studio Solution File, Format Version 12.00
# Visual Studio 15
VisualStudioVersion = 15.0.28010.2019
MinimumVisualStudioVersion = 10.0.40219.1
Project("{FAE04EC0-301F-11D3-BF4B-00C04F79EFBC}") = "Tp1", "Tp1\Tp1.csproj", "{EE5D226F-B685-4362-8393-10D4B1C193D7}"
EndProject
Project("{FAE04EC0-301F-11D3-BF4B-00C04F79EFBC}") = "BackendTp", "BackendTp\BackendTp.csproj", "{6F0517D1-2B2A-4503-8BB1-C18B76806E48}"
EndProject
Global
	GlobalSection(SolutionConfigurationPlatforms) = preSolution
		Debug|Any CPU = Debug|Any CPU
		Release|Any CPU = Release|Any CPU
	EndGlobalSection
	GlobalSection(ProjectConfigurationPlatforms) = postSolution
		{EE5D226F-B685-4362-8393-10D4B1C193D7}.Debug|Any CPU.ActiveCfg = Debug|Any CPU
		{EE5D226F-B685-4362-8393-10D4B1C193D7}.Debug|Any CPU.Build.0 = Debug|Any CPU
		{EE5D226F-B685-4362-8393-10D4B1C193D7}.Debug|Any CPU.Deploy.0 = Debug|Any CPU
		{EE5D226F-B685-4362-8393-10D4B1C193D7}.Release|Any CPU.ActiveCfg = Release|Any CPU
		{EE5D226F-B685-4362-8393-10D4B1C193D7}.Release|Any CPU.Build.0 = Release|Any CPU
		{EE5D226F-B685-4362-8393-10D4B1C193D7}.Release|Any CPU.Deploy.0 = Release|Any CPU
		{6F0517D1-2B2A-4503-8BB1-C18B76806E48}.Debug|Any CPU.ActiveCfg = Debug|Any CPU
		{6F0517D1-2B2A-4503-8BB1-C18B76806E48}.Debug|Any CPU.Build.0 = Debug|Any CPU
		{6F0517D1-2B2A-4503-8BB1-C18B76806E48}.Release|Any CPU.ActiveCfg = Release|Any CPU
		{6F0517D1-2B2A-4503-8BB1-C18B76806E48}.Release|Any CPU.Build.0 = Release|Any CPU
	EndGlobalSection
	GlobalSection(SolutionProperties) = preSolution
		HideSolutionNode = FALSE
	EndGlobalSection
	GlobalSection(ExtensibilityGlobals) = postSolution
		SolutionGuid = {B29C3562-652A-42B2-8287-C377FC3F3905}
	EndGlobalSection
EndGlobal
